
Microsoft Visual Studio Solution File, Format Version 12.00
# Visual Studio Version 17
VisualStudioVersion = 17.9.34622.214
MinimumVisualStudioVersion = 10.0.40219.1
Project("{9A19103F-16F7-4668-BE54-9A1E7A4F7556}") = "ServiceUpdate.Models", "ServiceUpdate.Models\ServiceUpdate.Models.csproj", "{0D37A560-5A8B-4BBF-BAE8-5995D51EC15E}"
EndProject
Project("{9A19103F-16F7-4668-BE54-9A1E7A4F7556}") = "ServiceUpdate.Service", "ServiceUpdate.Service\ServiceUpdate.Service.csproj", "{A1B3B010-F7B7-4742-A178-589D68DF34EF}"
EndProject
Project("{9A19103F-16F7-4668-BE54-9A1E7A4F7556}") = "ServiceUpdate.SignalR", "ServiceUpdate.SignalR\ServiceUpdate.SignalR.csproj", "{88F21B88-9C86-4976-9CA1-B0F51BF6A5BA}"
EndProject
Project("{9A19103F-16F7-4668-BE54-9A1E7A4F7556}") = "ServiceUpdate.Server", "ServiceUpdate.Server\ServiceUpdate.Server.csproj", "{37F7B774-D1BF-4A61-B396-58701006C6A9}"
EndProject
Project("{9A19103F-16F7-4668-BE54-9A1E7A4F7556}") = "ServiceUpdate.Client.Forms", "ServiceUpdate.Client.Forms\ServiceUpdate.Client.Forms.csproj", "{B8230737-2EC5-41EC-9FB5-2D00BCDDDD7D}"
EndProject
Global
	GlobalSection(SolutionConfigurationPlatforms) = preSolution
		Debug|Any CPU = Debug|Any CPU
		Release|Any CPU = Release|Any CPU
	EndGlobalSection
	GlobalSection(ProjectConfigurationPlatforms) = postSolution
		{0D37A560-5A8B-4BBF-BAE8-5995D51EC15E}.Debug|Any CPU.ActiveCfg = Debug|Any CPU
		{0D37A560-5A8B-4BBF-BAE8-5995D51EC15E}.Debug|Any CPU.Build.0 = Debug|Any CPU
		{0D37A560-5A8B-4BBF-BAE8-5995D51EC15E}.Release|Any CPU.ActiveCfg = Release|Any CPU
		{0D37A560-5A8B-4BBF-BAE8-5995D51EC15E}.Release|Any CPU.Build.0 = Release|Any CPU
		{A1B3B010-F7B7-4742-A178-589D68DF34EF}.Debug|Any CPU.ActiveCfg = Debug|Any CPU
		{A1B3B010-F7B7-4742-A178-589D68DF34EF}.Debug|Any CPU.Build.0 = Debug|Any CPU
		{A1B3B010-F7B7-4742-A178-589D68DF34EF}.Release|Any CPU.ActiveCfg = Release|Any CPU
		{A1B3B010-F7B7-4742-A178-589D68DF34EF}.Release|Any CPU.Build.0 = Release|Any CPU
		{88F21B88-9C86-4976-9CA1-B0F51BF6A5BA}.Debug|Any CPU.ActiveCfg = Debug|Any CPU
		{88F21B88-9C86-4976-9CA1-B0F51BF6A5BA}.Debug|Any CPU.Build.0 = Debug|Any CPU
		{88F21B88-9C86-4976-9CA1-B0F51BF6A5BA}.Release|Any CPU.ActiveCfg = Release|Any CPU
		{88F21B88-9C86-4976-9CA1-B0F51BF6A5BA}.Release|Any CPU.Build.0 = Release|Any CPU
		{37F7B774-D1BF-4A61-B396-58701006C6A9}.Debug|Any CPU.ActiveCfg = Debug|Any CPU
		{37F7B774-D1BF-4A61-B396-58701006C6A9}.Debug|Any CPU.Build.0 = Debug|Any CPU
		{37F7B774-D1BF-4A61-B396-58701006C6A9}.Release|Any CPU.ActiveCfg = Release|Any CPU
		{37F7B774-D1BF-4A61-B396-58701006C6A9}.Release|Any CPU.Build.0 = Release|Any CPU
		{B8230737-2EC5-41EC-9FB5-2D00BCDDDD7D}.Debug|Any CPU.ActiveCfg = Debug|Any CPU
		{B8230737-2EC5-41EC-9FB5-2D00BCDDDD7D}.Debug|Any CPU.Build.0 = Debug|Any CPU
		{B8230737-2EC5-41EC-9FB5-2D00BCDDDD7D}.Release|Any CPU.ActiveCfg = Release|Any CPU
		{B8230737-2EC5-41EC-9FB5-2D00BCDDDD7D}.Release|Any CPU.Build.0 = Release|Any CPU
	EndGlobalSection
	GlobalSection(SolutionProperties) = preSolution
		HideSolutionNode = FALSE
	EndGlobalSection
	GlobalSection(ExtensibilityGlobals) = postSolution
		SolutionGuid = {2C2F0674-6614-4D43-AEA6-1118D095988B}
	EndGlobalSection
EndGlobal
